// !$*UTF8*$!
{
	archiveVersion = 1;
	classes = {
	};
	objectVersion = 51;
	objects = {

/* Begin PBXBuildFile section */
		8F335DE0255095B700F3E14A /* GoogleService-Info.plist in Resources */ = {isa = PBXBuildFile; fileRef = 8F335DDF255095B700F3E14A /* GoogleService-Info.plist */; };
		8F335E2A25509CAA00F3E14A /* Main.storyboard in Resources */ = {isa = PBXBuildFile; fileRef = 8F335E2925509CAA00F3E14A /* Main.storyboard */; };
		8F335E3225509CFE00F3E14A /* UIViewController+alert.swift in Sources */ = {isa = PBXBuildFile; fileRef = 8F335E3125509CFE00F3E14A /* UIViewController+alert.swift */; };
		8F335E3725509D1100F3E14A /* SpotDetailViewController.swift in Sources */ = {isa = PBXBuildFile; fileRef = 8F335E3625509D1100F3E14A /* SpotDetailViewController.swift */; };
		8F335E3C25509D2000F3E14A /* SpotTableViewCell.swift in Sources */ = {isa = PBXBuildFile; fileRef = 8F335E3B25509D2000F3E14A /* SpotTableViewCell.swift */; };
		8F335E4125509D2F00F3E14A /* SpotListViewController.swift in Sources */ = {isa = PBXBuildFile; fileRef = 8F335E4025509D2F00F3E14A /* SpotListViewController.swift */; };
		8F335E4625509D3E00F3E14A /* Spot.swift in Sources */ = {isa = PBXBuildFile; fileRef = 8F335E4525509D3E00F3E14A /* Spot.swift */; };
		8F335E512550A05B00F3E14A /* Spots.swift in Sources */ = {isa = PBXBuildFile; fileRef = 8F335E502550A05B00F3E14A /* Spots.swift */; };
		8F335E9B2550A90900F3E14A /* APIKeys.swift in Sources */ = {isa = PBXBuildFile; fileRef = 8F335E9A2550A90900F3E14A /* APIKeys.swift */; };
		8F48961B2550900900573C4E /* AppDelegate.swift in Sources */ = {isa = PBXBuildFile; fileRef = 8F48961A2550900900573C4E /* AppDelegate.swift */; };
		8F48961D2550900900573C4E /* SceneDelegate.swift in Sources */ = {isa = PBXBuildFile; fileRef = 8F48961C2550900900573C4E /* SceneDelegate.swift */; };
		8F48961F2550900900573C4E /* LoginViewController.swift in Sources */ = {isa = PBXBuildFile; fileRef = 8F48961E2550900900573C4E /* LoginViewController.swift */; };
		8F4896242550900B00573C4E /* Assets.xcassets in Resources */ = {isa = PBXBuildFile; fileRef = 8F4896232550900B00573C4E /* Assets.xcassets */; };
		8F4896272550900B00573C4E /* LaunchScreen.storyboard in Resources */ = {isa = PBXBuildFile; fileRef = 8F4896252550900B00573C4E /* LaunchScreen.storyboard */; };
		8F4896322550900B00573C4E /* SnacktacularThreeTests.swift in Sources */ = {isa = PBXBuildFile; fileRef = 8F4896312550900B00573C4E /* SnacktacularThreeTests.swift */; };
		8F48963D2550900B00573C4E /* SnacktacularThreeUITests.swift in Sources */ = {isa = PBXBuildFile; fileRef = 8F48963C2550900B00573C4E /* SnacktacularThreeUITests.swift */; };
		8F9BD1AD25742DD90016645E /* SnackUser.swift in Sources */ = {isa = PBXBuildFile; fileRef = 8F9BD1AC25742DD90016645E /* SnackUser.swift */; };
		8F9BD1B2257465D40016645E /* SnackViewController.swift in Sources */ = {isa = PBXBuildFile; fileRef = 8F9BD1B1257465D40016645E /* SnackViewController.swift */; };
		8F9BD1B7257465EA0016645E /* SnackTableViewCell.swift in Sources */ = {isa = PBXBuildFile; fileRef = 8F9BD1B6257465EA0016645E /* SnackTableViewCell.swift */; };
		8F9BD1BC257467420016645E /* SnackUsers.swift in Sources */ = {isa = PBXBuildFile; fileRef = 8F9BD1BB257467420016645E /* SnackUsers.swift */; };
		8FA48EEA2559E4DD00C9DCDE /* ReviewTableViewController.swift in Sources */ = {isa = PBXBuildFile; fileRef = 8FA48EE92559E4DD00C9DCDE /* ReviewTableViewController.swift */; };
		8FA48EEF255A3D3000C9DCDE /* Review.swift in Sources */ = {isa = PBXBuildFile; fileRef = 8FA48EEE255A3D3000C9DCDE /* Review.swift */; };
		8FA48F36255A3F0A00C9DCDE /* Reviews.swift in Sources */ = {isa = PBXBuildFile; fileRef = 8FA48F35255A3F0A00C9DCDE /* Reviews.swift */; };
		8FA48FBF255A4AEE00C9DCDE /* SpotReviewTableViewCell.swift in Sources */ = {isa = PBXBuildFile; fileRef = 8FA48FBE255A4AEE00C9DCDE /* SpotReviewTableViewCell.swift */; };
		8FD3489B25623EC10088A6B7 /* PhotoViewController.swift in Sources */ = {isa = PBXBuildFile; fileRef = 8FD3489A25623EC10088A6B7 /* PhotoViewController.swift */; };
		8FD348E2256249760088A6B7 /* Photo.swift in Sources */ = {isa = PBXBuildFile; fileRef = 8FD348E1256249760088A6B7 /* Photo.swift */; };
		8FD349CE2562638A0088A6B7 /* Photos.swift in Sources */ = {isa = PBXBuildFile; fileRef = 8FD349CD2562638A0088A6B7 /* Photos.swift */; };
		8FD349F42562664A0088A6B7 /* SpotPhotoCollectionViewCell.swift in Sources */ = {isa = PBXBuildFile; fileRef = 8FD349F32562664A0088A6B7 /* SpotPhotoCollectionViewCell.swift */; };
		8FEB6FEF2562241E00EB5228 /* UIView+addBorder.swift in Sources */ = {isa = PBXBuildFile; fileRef = 8FEB6FEE2562241E00EB5228 /* UIView+addBorder.swift */; };
		8FEB6FF42562254900EB5228 /* UIBarButton+hide.swift in Sources */ = {isa = PBXBuildFile; fileRef = 8FEB6FF32562254900EB5228 /* UIBarButton+hide.swift */; };
		E80275138A990761BFB40530 /* Pods_SnacktacularThree.framework in Frameworks */ = {isa = PBXBuildFile; fileRef = 6C7F741DAA35EB8CE3E74037 /* Pods_SnacktacularThree.framework */; };
/* End PBXBuildFile section */

/* Begin PBXContainerItemProxy section */
		8F48962E2550900B00573C4E /* PBXContainerItemProxy */ = {
			isa = PBXContainerItemProxy;
			containerPortal = 8F48960F2550900900573C4E /* Project object */;
			proxyType = 1;
			remoteGlobalIDString = 8F4896162550900900573C4E;
			remoteInfo = SnacktacularThree;
		};
		8F4896392550900B00573C4E /* PBXContainerItemProxy */ = {
			isa = PBXContainerItemProxy;
			containerPortal = 8F48960F2550900900573C4E /* Project object */;
			proxyType = 1;
			remoteGlobalIDString = 8F4896162550900900573C4E;
			remoteInfo = SnacktacularThree;
		};
/* End PBXContainerItemProxy section */

/* Begin PBXFileReference section */
		2DC6F7E7854E8AF4308C3186 /* Pods-SnacktacularThree.debug.xcconfig */ = {isa = PBXFileReference; includeInIndex = 1; lastKnownFileType = text.xcconfig; name = "Pods-SnacktacularThree.debug.xcconfig"; path = "Target Support Files/Pods-SnacktacularThree/Pods-SnacktacularThree.debug.xcconfig"; sourceTree = "<group>"; };
		6C7F741DAA35EB8CE3E74037 /* Pods_SnacktacularThree.framework */ = {isa = PBXFileReference; explicitFileType = wrapper.framework; includeInIndex = 0; path = Pods_SnacktacularThree.framework; sourceTree = BUILT_PRODUCTS_DIR; };
		8F335DDF255095B700F3E14A /* GoogleService-Info.plist */ = {isa = PBXFileReference; fileEncoding = 4; lastKnownFileType = text.plist.xml; path = "GoogleService-Info.plist"; sourceTree = "<group>"; };
		8F335E2925509CAA00F3E14A /* Main.storyboard */ = {isa = PBXFileReference; fileEncoding = 4; lastKnownFileType = file.storyboard; path = Main.storyboard; sourceTree = "<group>"; };
		8F335E3125509CFE00F3E14A /* UIViewController+alert.swift */ = {isa = PBXFileReference; fileEncoding = 4; lastKnownFileType = sourcecode.swift; path = "UIViewController+alert.swift"; sourceTree = "<group>"; };
		8F335E3625509D1100F3E14A /* SpotDetailViewController.swift */ = {isa = PBXFileReference; fileEncoding = 4; lastKnownFileType = sourcecode.swift; path = SpotDetailViewController.swift; sourceTree = "<group>"; };
		8F335E3B25509D2000F3E14A /* SpotTableViewCell.swift */ = {isa = PBXFileReference; fileEncoding = 4; lastKnownFileType = sourcecode.swift; path = SpotTableViewCell.swift; sourceTree = "<group>"; };
		8F335E4025509D2F00F3E14A /* SpotListViewController.swift */ = {isa = PBXFileReference; fileEncoding = 4; lastKnownFileType = sourcecode.swift; path = SpotListViewController.swift; sourceTree = "<group>"; };
		8F335E4525509D3E00F3E14A /* Spot.swift */ = {isa = PBXFileReference; fileEncoding = 4; lastKnownFileType = sourcecode.swift; path = Spot.swift; sourceTree = "<group>"; };
		8F335E502550A05B00F3E14A /* Spots.swift */ = {isa = PBXFileReference; lastKnownFileType = sourcecode.swift; path = Spots.swift; sourceTree = "<group>"; };
		8F335E9A2550A90900F3E14A /* APIKeys.swift */ = {isa = PBXFileReference; lastKnownFileType = sourcecode.swift; path = APIKeys.swift; sourceTree = "<group>"; };
		8F4896172550900900573C4E /* SnacktacularThree.app */ = {isa = PBXFileReference; explicitFileType = wrapper.application; includeInIndex = 0; path = SnacktacularThree.app; sourceTree = BUILT_PRODUCTS_DIR; };
		8F48961A2550900900573C4E /* AppDelegate.swift */ = {isa = PBXFileReference; lastKnownFileType = sourcecode.swift; path = AppDelegate.swift; sourceTree = "<group>"; };
		8F48961C2550900900573C4E /* SceneDelegate.swift */ = {isa = PBXFileReference; lastKnownFileType = sourcecode.swift; path = SceneDelegate.swift; sourceTree = "<group>"; };
		8F48961E2550900900573C4E /* LoginViewController.swift */ = {isa = PBXFileReference; lastKnownFileType = sourcecode.swift; path = LoginViewController.swift; sourceTree = "<group>"; };
		8F4896232550900B00573C4E /* Assets.xcassets */ = {isa = PBXFileReference; lastKnownFileType = folder.assetcatalog; path = Assets.xcassets; sourceTree = "<group>"; };
		8F4896262550900B00573C4E /* Base */ = {isa = PBXFileReference; lastKnownFileType = file.storyboard; name = Base; path = Base.lproj/LaunchScreen.storyboard; sourceTree = "<group>"; };
		8F4896282550900B00573C4E /* Info.plist */ = {isa = PBXFileReference; lastKnownFileType = text.plist.xml; path = Info.plist; sourceTree = "<group>"; };
		8F48962D2550900B00573C4E /* SnacktacularThreeTests.xctest */ = {isa = PBXFileReference; explicitFileType = wrapper.cfbundle; includeInIndex = 0; path = SnacktacularThreeTests.xctest; sourceTree = BUILT_PRODUCTS_DIR; };
		8F4896312550900B00573C4E /* SnacktacularThreeTests.swift */ = {isa = PBXFileReference; lastKnownFileType = sourcecode.swift; path = SnacktacularThreeTests.swift; sourceTree = "<group>"; };
		8F4896332550900B00573C4E /* Info.plist */ = {isa = PBXFileReference; lastKnownFileType = text.plist.xml; path = Info.plist; sourceTree = "<group>"; };
		8F4896382550900B00573C4E /* SnacktacularThreeUITests.xctest */ = {isa = PBXFileReference; explicitFileType = wrapper.cfbundle; includeInIndex = 0; path = SnacktacularThreeUITests.xctest; sourceTree = BUILT_PRODUCTS_DIR; };
		8F48963C2550900B00573C4E /* SnacktacularThreeUITests.swift */ = {isa = PBXFileReference; lastKnownFileType = sourcecode.swift; path = SnacktacularThreeUITests.swift; sourceTree = "<group>"; };
		8F48963E2550900B00573C4E /* Info.plist */ = {isa = PBXFileReference; lastKnownFileType = text.plist.xml; path = Info.plist; sourceTree = "<group>"; };
		8F9BD1AC25742DD90016645E /* SnackUser.swift */ = {isa = PBXFileReference; lastKnownFileType = sourcecode.swift; path = SnackUser.swift; sourceTree = "<group>"; };
		8F9BD1B1257465D40016645E /* SnackViewController.swift */ = {isa = PBXFileReference; lastKnownFileType = sourcecode.swift; path = SnackViewController.swift; sourceTree = "<group>"; };
		8F9BD1B6257465EA0016645E /* SnackTableViewCell.swift */ = {isa = PBXFileReference; lastKnownFileType = sourcecode.swift; path = SnackTableViewCell.swift; sourceTree = "<group>"; };
		8F9BD1BB257467420016645E /* SnackUsers.swift */ = {isa = PBXFileReference; lastKnownFileType = sourcecode.swift; path = SnackUsers.swift; sourceTree = "<group>"; };
		8FA48EE92559E4DD00C9DCDE /* ReviewTableViewController.swift */ = {isa = PBXFileReference; lastKnownFileType = sourcecode.swift; path = ReviewTableViewController.swift; sourceTree = "<group>"; };
		8FA48EEE255A3D3000C9DCDE /* Review.swift */ = {isa = PBXFileReference; lastKnownFileType = sourcecode.swift; path = Review.swift; sourceTree = "<group>"; };
		8FA48F35255A3F0A00C9DCDE /* Reviews.swift */ = {isa = PBXFileReference; lastKnownFileType = sourcecode.swift; path = Reviews.swift; sourceTree = "<group>"; };
		8FA48FBE255A4AEE00C9DCDE /* SpotReviewTableViewCell.swift */ = {isa = PBXFileReference; lastKnownFileType = sourcecode.swift; path = SpotReviewTableViewCell.swift; sourceTree = "<group>"; };
		8FD3489A25623EC10088A6B7 /* PhotoViewController.swift */ = {isa = PBXFileReference; lastKnownFileType = sourcecode.swift; path = PhotoViewController.swift; sourceTree = "<group>"; };
		8FD348E1256249760088A6B7 /* Photo.swift */ = {isa = PBXFileReference; lastKnownFileType = sourcecode.swift; path = Photo.swift; sourceTree = "<group>"; };
		8FD349CD2562638A0088A6B7 /* Photos.swift */ = {isa = PBXFileReference; lastKnownFileType = sourcecode.swift; path = Photos.swift; sourceTree = "<group>"; };
		8FD349F32562664A0088A6B7 /* SpotPhotoCollectionViewCell.swift */ = {isa = PBXFileReference; lastKnownFileType = sourcecode.swift; path = SpotPhotoCollectionViewCell.swift; sourceTree = "<group>"; };
		8FEB6FEE2562241E00EB5228 /* UIView+addBorder.swift */ = {isa = PBXFileReference; lastKnownFileType = sourcecode.swift; path = "UIView+addBorder.swift"; sourceTree = "<group>"; };
		8FEB6FF32562254900EB5228 /* UIBarButton+hide.swift */ = {isa = PBXFileReference; lastKnownFileType = sourcecode.swift; path = "UIBarButton+hide.swift"; sourceTree = "<group>"; };
		9F1119A1A4706C1EA40FC29B /* Pods-SnacktacularThree.release.xcconfig */ = {isa = PBXFileReference; includeInIndex = 1; lastKnownFileType = text.xcconfig; name = "Pods-SnacktacularThree.release.xcconfig"; path = "Target Support Files/Pods-SnacktacularThree/Pods-SnacktacularThree.release.xcconfig"; sourceTree = "<group>"; };
/* End PBXFileReference section */

/* Begin PBXFrameworksBuildPhase section */
		8F4896142550900900573C4E /* Frameworks */ = {
			isa = PBXFrameworksBuildPhase;
			buildActionMask = 2147483647;
			files = (
				E80275138A990761BFB40530 /* Pods_SnacktacularThree.framework in Frameworks */,
			);
			runOnlyForDeploymentPostprocessing = 0;
		};
		8F48962A2550900B00573C4E /* Frameworks */ = {
			isa = PBXFrameworksBuildPhase;
			buildActionMask = 2147483647;
			files = (
			);
			runOnlyForDeploymentPostprocessing = 0;
		};
		8F4896352550900B00573C4E /* Frameworks */ = {
			isa = PBXFrameworksBuildPhase;
			buildActionMask = 2147483647;
			files = (
			);
			runOnlyForDeploymentPostprocessing = 0;
		};
/* End PBXFrameworksBuildPhase section */

/* Begin PBXGroup section */
		8F48960E2550900900573C4E = {
			isa = PBXGroup;
			children = (
				8F4896192550900900573C4E /* SnacktacularThree */,
				8F4896302550900B00573C4E /* SnacktacularThreeTests */,
				8F48963B2550900B00573C4E /* SnacktacularThreeUITests */,
				8F4896182550900900573C4E /* Products */,
				9A96012EC57553498488C6DD /* Pods */,
				CC6AF02E869B221D19691C84 /* Frameworks */,
			);
			sourceTree = "<group>";
		};
		8F4896182550900900573C4E /* Products */ = {
			isa = PBXGroup;
			children = (
				8F4896172550900900573C4E /* SnacktacularThree.app */,
				8F48962D2550900B00573C4E /* SnacktacularThreeTests.xctest */,
				8F4896382550900B00573C4E /* SnacktacularThreeUITests.xctest */,
			);
			name = Products;
			sourceTree = "<group>";
		};
		8F4896192550900900573C4E /* SnacktacularThree */ = {
			isa = PBXGroup;
			children = (
				8F48961A2550900900573C4E /* AppDelegate.swift */,
				8F48961C2550900900573C4E /* SceneDelegate.swift */,
				8FB1D60C257471500014BD96 /* Controllers */,
				8FB1D60D257471880014BD96 /* Views */,
				8FB1D5E72574707F0014BD96 /* Models */,
				8FB1D632257471AD0014BD96 /* Utilities */,
				8F335E2925509CAA00F3E14A /* Main.storyboard */,
				8F4896232550900B00573C4E /* Assets.xcassets */,
				8F4896252550900B00573C4E /* LaunchScreen.storyboard */,
				8F4896282550900B00573C4E /* Info.plist */,
				8F335DDF255095B700F3E14A /* GoogleService-Info.plist */,
			);
			path = SnacktacularThree;
			sourceTree = "<group>";
		};
		8F4896302550900B00573C4E /* SnacktacularThreeTests */ = {
			isa = PBXGroup;
			children = (
				8F4896312550900B00573C4E /* SnacktacularThreeTests.swift */,
				8F4896332550900B00573C4E /* Info.plist */,
			);
			path = SnacktacularThreeTests;
			sourceTree = "<group>";
		};
		8F48963B2550900B00573C4E /* SnacktacularThreeUITests */ = {
			isa = PBXGroup;
			children = (
				8F48963C2550900B00573C4E /* SnacktacularThreeUITests.swift */,
				8F48963E2550900B00573C4E /* Info.plist */,
			);
			path = SnacktacularThreeUITests;
			sourceTree = "<group>";
		};
		8FB1D5E72574707F0014BD96 /* Models */ = {
			isa = PBXGroup;
			children = (
				8F335E4525509D3E00F3E14A /* Spot.swift */,
				8F335E502550A05B00F3E14A /* Spots.swift */,
				8FA48EEE255A3D3000C9DCDE /* Review.swift */,
				8FA48F35255A3F0A00C9DCDE /* Reviews.swift */,
				8FD348E1256249760088A6B7 /* Photo.swift */,
				8FD349CD2562638A0088A6B7 /* Photos.swift */,
				8F9BD1AC25742DD90016645E /* SnackUser.swift */,
				8F9BD1BB257467420016645E /* SnackUsers.swift */,
			);
			path = Models;
			sourceTree = "<group>";
		};
		8FB1D60C257471500014BD96 /* Controllers */ = {
			isa = PBXGroup;
			children = (
				8F48961E2550900900573C4E /* LoginViewController.swift */,
				8F335E4025509D2F00F3E14A /* SpotListViewController.swift */,
				8F335E3625509D1100F3E14A /* SpotDetailViewController.swift */,
				8FA48EE92559E4DD00C9DCDE /* ReviewTableViewController.swift */,
				8FD3489A25623EC10088A6B7 /* PhotoViewController.swift */,
				8F9BD1B1257465D40016645E /* SnackViewController.swift */,
				8F9BD1B6257465EA0016645E /* SnackTableViewCell.swift */,
			);
			path = Controllers;
			sourceTree = "<group>";
		};
		8FB1D60D257471880014BD96 /* Views */ = {
			isa = PBXGroup;
			children = (
				8FD349F32562664A0088A6B7 /* SpotPhotoCollectionViewCell.swift */,
				8FA48FBE255A4AEE00C9DCDE /* SpotReviewTableViewCell.swift */,
				8F335E3B25509D2000F3E14A /* SpotTableViewCell.swift */,
			);
			path = Views;
			sourceTree = "<group>";
		};
		8FB1D632257471AD0014BD96 /* Utilities */ = {
			isa = PBXGroup;
			children = (
				8F335E3125509CFE00F3E14A /* UIViewController+alert.swift */,
				8FEB6FEE2562241E00EB5228 /* UIView+addBorder.swift */,
				8FEB6FF32562254900EB5228 /* UIBarButton+hide.swift */,
				8F335E9A2550A90900F3E14A /* APIKeys.swift */,
			);
			path = Utilities;
			sourceTree = "<group>";
		};
		9A96012EC57553498488C6DD /* Pods */ = {
			isa = PBXGroup;
			children = (
				2DC6F7E7854E8AF4308C3186 /* Pods-SnacktacularThree.debug.xcconfig */,
				9F1119A1A4706C1EA40FC29B /* Pods-SnacktacularThree.release.xcconfig */,
			);
			path = Pods;
			sourceTree = "<group>";
		};
		CC6AF02E869B221D19691C84 /* Frameworks */ = {
			isa = PBXGroup;
			children = (
				6C7F741DAA35EB8CE3E74037 /* Pods_SnacktacularThree.framework */,
			);
			name = Frameworks;
			sourceTree = "<group>";
		};
/* End PBXGroup section */

/* Begin PBXNativeTarget section */
		8F4896162550900900573C4E /* SnacktacularThree */ = {
			isa = PBXNativeTarget;
			buildConfigurationList = 8F4896412550900B00573C4E /* Build configuration list for PBXNativeTarget "SnacktacularThree" */;
			buildPhases = (
				3408EF86A987B2A9B7D82902 /* [CP] Check Pods Manifest.lock */,
				8F4896132550900900573C4E /* Sources */,
				8F4896142550900900573C4E /* Frameworks */,
				8F4896152550900900573C4E /* Resources */,
				4919F9AAAC7BAA9970D8B4BA /* [CP] Embed Pods Frameworks */,
				7D02D21844F191779421925F /* [CP] Copy Pods Resources */,
			);
			buildRules = (
			);
			dependencies = (
			);
			name = SnacktacularThree;
			productName = SnacktacularThree;
			productReference = 8F4896172550900900573C4E /* SnacktacularThree.app */;
			productType = "com.apple.product-type.application";
		};
		8F48962C2550900B00573C4E /* SnacktacularThreeTests */ = {
			isa = PBXNativeTarget;
			buildConfigurationList = 8F4896442550900B00573C4E /* Build configuration list for PBXNativeTarget "SnacktacularThreeTests" */;
			buildPhases = (
				8F4896292550900B00573C4E /* Sources */,
				8F48962A2550900B00573C4E /* Frameworks */,
				8F48962B2550900B00573C4E /* Resources */,
			);
			buildRules = (
			);
			dependencies = (
				8F48962F2550900B00573C4E /* PBXTargetDependency */,
			);
			name = SnacktacularThreeTests;
			productName = SnacktacularThreeTests;
			productReference = 8F48962D2550900B00573C4E /* SnacktacularThreeTests.xctest */;
			productType = "com.apple.product-type.bundle.unit-test";
		};
		8F4896372550900B00573C4E /* SnacktacularThreeUITests */ = {
			isa = PBXNativeTarget;
			buildConfigurationList = 8F4896472550900B00573C4E /* Build configuration list for PBXNativeTarget "SnacktacularThreeUITests" */;
			buildPhases = (
				8F4896342550900B00573C4E /* Sources */,
				8F4896352550900B00573C4E /* Frameworks */,
				8F4896362550900B00573C4E /* Resources */,
			);
			buildRules = (
			);
			dependencies = (
				8F48963A2550900B00573C4E /* PBXTargetDependency */,
			);
			name = SnacktacularThreeUITests;
			productName = SnacktacularThreeUITests;
			productReference = 8F4896382550900B00573C4E /* SnacktacularThreeUITests.xctest */;
			productType = "com.apple.product-type.bundle.ui-testing";
		};
/* End PBXNativeTarget section */

/* Begin PBXProject section */
		8F48960F2550900900573C4E /* Project object */ = {
			isa = PBXProject;
			attributes = {
				LastSwiftUpdateCheck = 1200;
				LastUpgradeCheck = 1200;
				TargetAttributes = {
					8F4896162550900900573C4E = {
						CreatedOnToolsVersion = 12.0.1;
					};
					8F48962C2550900B00573C4E = {
						CreatedOnToolsVersion = 12.0.1;
						TestTargetID = 8F4896162550900900573C4E;
					};
					8F4896372550900B00573C4E = {
						CreatedOnToolsVersion = 12.0.1;
						TestTargetID = 8F4896162550900900573C4E;
					};
				};
			};
			buildConfigurationList = 8F4896122550900900573C4E /* Build configuration list for PBXProject "SnacktacularThree" */;
			compatibilityVersion = "Xcode 9.3";
			developmentRegion = en;
			hasScannedForEncodings = 0;
			knownRegions = (
				en,
				Base,
			);
			mainGroup = 8F48960E2550900900573C4E;
			productRefGroup = 8F4896182550900900573C4E /* Products */;
			projectDirPath = "";
			projectRoot = "";
			targets = (
				8F4896162550900900573C4E /* SnacktacularThree */,
				8F48962C2550900B00573C4E /* SnacktacularThreeTests */,
				8F4896372550900B00573C4E /* SnacktacularThreeUITests */,
			);
		};
/* End PBXProject section */

/* Begin PBXResourcesBuildPhase section */
		8F4896152550900900573C4E /* Resources */ = {
			isa = PBXResourcesBuildPhase;
			buildActionMask = 2147483647;
			files = (
				8F4896272550900B00573C4E /* LaunchScreen.storyboard in Resources */,
				8F335E2A25509CAA00F3E14A /* Main.storyboard in Resources */,
				8F335DE0255095B700F3E14A /* GoogleService-Info.plist in Resources */,
				8F4896242550900B00573C4E /* Assets.xcassets in Resources */,
			);
			runOnlyForDeploymentPostprocessing = 0;
		};
		8F48962B2550900B00573C4E /* Resources */ = {
			isa = PBXResourcesBuildPhase;
			buildActionMask = 2147483647;
			files = (
			);
			runOnlyForDeploymentPostprocessing = 0;
		};
		8F4896362550900B00573C4E /* Resources */ = {
			isa = PBXResourcesBuildPhase;
			buildActionMask = 2147483647;
			files = (
			);
			runOnlyForDeploymentPostprocessing = 0;
		};
/* End PBXResourcesBuildPhase section */

/* Begin PBXShellScriptBuildPhase section */
		3408EF86A987B2A9B7D82902 /* [CP] Check Pods Manifest.lock */ = {
			isa = PBXShellScriptBuildPhase;
			buildActionMask = 2147483647;
			files = (
			);
			inputFileListPaths = (
			);
			inputPaths = (
				"${PODS_PODFILE_DIR_PATH}/Podfile.lock",
				"${PODS_ROOT}/Manifest.lock",
			);
			name = "[CP] Check Pods Manifest.lock";
			outputFileListPaths = (
			);
			outputPaths = (
				"$(DERIVED_FILE_DIR)/Pods-SnacktacularThree-checkManifestLockResult.txt",
			);
			runOnlyForDeploymentPostprocessing = 0;
			shellPath = /bin/sh;
			shellScript = "diff \"${PODS_PODFILE_DIR_PATH}/Podfile.lock\" \"${PODS_ROOT}/Manifest.lock\" > /dev/null\nif [ $? != 0 ] ; then\n    # print error to STDERR\n    echo \"error: The sandbox is not in sync with the Podfile.lock. Run 'pod install' or update your CocoaPods installation.\" >&2\n    exit 1\nfi\n# This output is used by Xcode 'outputs' to avoid re-running this script phase.\necho \"SUCCESS\" > \"${SCRIPT_OUTPUT_FILE_0}\"\n";
			showEnvVarsInLog = 0;
		};
		4919F9AAAC7BAA9970D8B4BA /* [CP] Embed Pods Frameworks */ = {
			isa = PBXShellScriptBuildPhase;
			buildActionMask = 2147483647;
			files = (
			);
			inputFileListPaths = (
				"${PODS_ROOT}/Target Support Files/Pods-SnacktacularThree/Pods-SnacktacularThree-frameworks-${CONFIGURATION}-input-files.xcfilelist",
			);
			name = "[CP] Embed Pods Frameworks";
			outputFileListPaths = (
				"${PODS_ROOT}/Target Support Files/Pods-SnacktacularThree/Pods-SnacktacularThree-frameworks-${CONFIGURATION}-output-files.xcfilelist",
			);
			runOnlyForDeploymentPostprocessing = 0;
			shellPath = /bin/sh;
			shellScript = "\"${PODS_ROOT}/Target Support Files/Pods-SnacktacularThree/Pods-SnacktacularThree-frameworks.sh\"\n";
			showEnvVarsInLog = 0;
		};
		7D02D21844F191779421925F /* [CP] Copy Pods Resources */ = {
			isa = PBXShellScriptBuildPhase;
			buildActionMask = 2147483647;
			files = (
			);
			inputFileListPaths = (
				"${PODS_ROOT}/Target Support Files/Pods-SnacktacularThree/Pods-SnacktacularThree-resources-${CONFIGURATION}-input-files.xcfilelist",
			);
			name = "[CP] Copy Pods Resources";
			outputFileListPaths = (
				"${PODS_ROOT}/Target Support Files/Pods-SnacktacularThree/Pods-SnacktacularThree-resources-${CONFIGURATION}-output-files.xcfilelist",
			);
			runOnlyForDeploymentPostprocessing = 0;
			shellPath = /bin/sh;
			shellScript = "\"${PODS_ROOT}/Target Support Files/Pods-SnacktacularThree/Pods-SnacktacularThree-resources.sh\"\n";
			showEnvVarsInLog = 0;
		};
/* End PBXShellScriptBuildPhase section */

/* Begin PBXSourcesBuildPhase section */
		8F4896132550900900573C4E /* Sources */ = {
			isa = PBXSourcesBuildPhase;
			buildActionMask = 2147483647;
			files = (
				8FA48F36255A3F0A00C9DCDE /* Reviews.swift in Sources */,
				8F335E4125509D2F00F3E14A /* SpotListViewController.swift in Sources */,
				8F335E3725509D1100F3E14A /* SpotDetailViewController.swift in Sources */,
				8F9BD1B2257465D40016645E /* SnackViewController.swift in Sources */,
				8F48961F2550900900573C4E /* LoginViewController.swift in Sources */,
				8F335E4625509D3E00F3E14A /* Spot.swift in Sources */,
				8FD349CE2562638A0088A6B7 /* Photos.swift in Sources */,
				8FEB6FF42562254900EB5228 /* UIBarButton+hide.swift in Sources */,
				8FA48EEA2559E4DD00C9DCDE /* ReviewTableViewController.swift in Sources */,
				8FA48EEF255A3D3000C9DCDE /* Review.swift in Sources */,
				8F335E512550A05B00F3E14A /* Spots.swift in Sources */,
				8F48961B2550900900573C4E /* AppDelegate.swift in Sources */,
				8FD3489B25623EC10088A6B7 /* PhotoViewController.swift in Sources */,
				8FA48FBF255A4AEE00C9DCDE /* SpotReviewTableViewCell.swift in Sources */,
				8FD348E2256249760088A6B7 /* Photo.swift in Sources */,
				8F335E9B2550A90900F3E14A /* APIKeys.swift in Sources */,
				8F9BD1B7257465EA0016645E /* SnackTableViewCell.swift in Sources */,
				8F335E3C25509D2000F3E14A /* SpotTableViewCell.swift in Sources */,
				8F48961D2550900900573C4E /* SceneDelegate.swift in Sources */,
				8F9BD1AD25742DD90016645E /* SnackUser.swift in Sources */,
				8FD349F42562664A0088A6B7 /* SpotPhotoCollectionViewCell.swift in Sources */,
				8F9BD1BC257467420016645E /* SnackUsers.swift in Sources */,
				8F335E3225509CFE00F3E14A /* UIViewController+alert.swift in Sources */,
				8FEB6FEF2562241E00EB5228 /* UIView+addBorder.swift in Sources */,
			);
			runOnlyForDeploymentPostprocessing = 0;
		};
		8F4896292550900B00573C4E /* Sources */ = {
			isa = PBXSourcesBuildPhase;
			buildActionMask = 2147483647;
			files = (
				8F4896322550900B00573C4E /* SnacktacularThreeTests.swift in Sources */,
			);
			runOnlyForDeploymentPostprocessing = 0;
		};
		8F4896342550900B00573C4E /* Sources */ = {
			isa = PBXSourcesBuildPhase;
			buildActionMask = 2147483647;
			files = (
				8F48963D2550900B00573C4E /* SnacktacularThreeUITests.swift in Sources */,
			);
			runOnlyForDeploymentPostprocessing = 0;
		};
/* End PBXSourcesBuildPhase section */

/* Begin PBXTargetDependency section */
		8F48962F2550900B00573C4E /* PBXTargetDependency */ = {
			isa = PBXTargetDependency;
			target = 8F4896162550900900573C4E /* SnacktacularThree */;
			targetProxy = 8F48962E2550900B00573C4E /* PBXContainerItemProxy */;
		};
		8F48963A2550900B00573C4E /* PBXTargetDependency */ = {
			isa = PBXTargetDependency;
			target = 8F4896162550900900573C4E /* SnacktacularThree */;
			targetProxy = 8F4896392550900B00573C4E /* PBXContainerItemProxy */;
		};
/* End PBXTargetDependency section */

/* Begin PBXVariantGroup section */
		8F4896252550900B00573C4E /* LaunchScreen.storyboard */ = {
			isa = PBXVariantGroup;
			children = (
				8F4896262550900B00573C4E /* Base */,
			);
			name = LaunchScreen.storyboard;
			sourceTree = "<group>";
		};
/* End PBXVariantGroup section */

/* Begin XCBuildConfiguration section */
		8F48963F2550900B00573C4E /* Debug */ = {
			isa = XCBuildConfiguration;
			buildSettings = {
				ALWAYS_SEARCH_USER_PATHS = NO;
				CLANG_ANALYZER_NONNULL = YES;
				CLANG_ANALYZER_NUMBER_OBJECT_CONVERSION = YES_AGGRESSIVE;
				CLANG_CXX_LANGUAGE_STANDARD = "gnu++14";
				CLANG_CXX_LIBRARY = "libc++";
				CLANG_ENABLE_MODULES = YES;
				CLANG_ENABLE_OBJC_ARC = YES;
				CLANG_ENABLE_OBJC_WEAK = YES;
				CLANG_WARN_BLOCK_CAPTURE_AUTORELEASING = YES;
				CLANG_WARN_BOOL_CONVERSION = YES;
				CLANG_WARN_COMMA = YES;
				CLANG_WARN_CONSTANT_CONVERSION = YES;
				CLANG_WARN_DEPRECATED_OBJC_IMPLEMENTATIONS = YES;
				CLANG_WARN_DIRECT_OBJC_ISA_USAGE = YES_ERROR;
				CLANG_WARN_DOCUMENTATION_COMMENTS = YES;
				CLANG_WARN_EMPTY_BODY = YES;
				CLANG_WARN_ENUM_CONVERSION = YES;
				CLANG_WARN_INFINITE_RECURSION = YES;
				CLANG_WARN_INT_CONVERSION = YES;
				CLANG_WARN_NON_LITERAL_NULL_CONVERSION = YES;
				CLANG_WARN_OBJC_IMPLICIT_RETAIN_SELF = YES;
				CLANG_WARN_OBJC_LITERAL_CONVERSION = YES;
				CLANG_WARN_OBJC_ROOT_CLASS = YES_ERROR;
				CLANG_WARN_QUOTED_INCLUDE_IN_FRAMEWORK_HEADER = YES;
				CLANG_WARN_RANGE_LOOP_ANALYSIS = YES;
				CLANG_WARN_STRICT_PROTOTYPES = YES;
				CLANG_WARN_SUSPICIOUS_MOVE = YES;
				CLANG_WARN_UNGUARDED_AVAILABILITY = YES_AGGRESSIVE;
				CLANG_WARN_UNREACHABLE_CODE = YES;
				CLANG_WARN__DUPLICATE_METHOD_MATCH = YES;
				COPY_PHASE_STRIP = NO;
				DEBUG_INFORMATION_FORMAT = dwarf;
				ENABLE_STRICT_OBJC_MSGSEND = YES;
				ENABLE_TESTABILITY = YES;
				GCC_C_LANGUAGE_STANDARD = gnu11;
				GCC_DYNAMIC_NO_PIC = NO;
				GCC_NO_COMMON_BLOCKS = YES;
				GCC_OPTIMIZATION_LEVEL = 0;
				GCC_PREPROCESSOR_DEFINITIONS = (
					"DEBUG=1",
					"$(inherited)",
				);
				GCC_WARN_64_TO_32_BIT_CONVERSION = YES;
				GCC_WARN_ABOUT_RETURN_TYPE = YES_ERROR;
				GCC_WARN_UNDECLARED_SELECTOR = YES;
				GCC_WARN_UNINITIALIZED_AUTOS = YES_AGGRESSIVE;
				GCC_WARN_UNUSED_FUNCTION = YES;
				GCC_WARN_UNUSED_VARIABLE = YES;
				IPHONEOS_DEPLOYMENT_TARGET = 14.0;
				MTL_ENABLE_DEBUG_INFO = INCLUDE_SOURCE;
				MTL_FAST_MATH = YES;
				ONLY_ACTIVE_ARCH = YES;
				SDKROOT = iphoneos;
				SWIFT_ACTIVE_COMPILATION_CONDITIONS = DEBUG;
				SWIFT_OPTIMIZATION_LEVEL = "-Onone";
			};
			name = Debug;
		};
		8F4896402550900B00573C4E /* Release */ = {
			isa = XCBuildConfiguration;
			buildSettings = {
				ALWAYS_SEARCH_USER_PATHS = NO;
				CLANG_ANALYZER_NONNULL = YES;
				CLANG_ANALYZER_NUMBER_OBJECT_CONVERSION = YES_AGGRESSIVE;
				CLANG_CXX_LANGUAGE_STANDARD = "gnu++14";
				CLANG_CXX_LIBRARY = "libc++";
				CLANG_ENABLE_MODULES = YES;
				CLANG_ENABLE_OBJC_ARC = YES;
				CLANG_ENABLE_OBJC_WEAK = YES;
				CLANG_WARN_BLOCK_CAPTURE_AUTORELEASING = YES;
				CLANG_WARN_BOOL_CONVERSION = YES;
				CLANG_WARN_COMMA = YES;
				CLANG_WARN_CONSTANT_CONVERSION = YES;
				CLANG_WARN_DEPRECATED_OBJC_IMPLEMENTATIONS = YES;
				CLANG_WARN_DIRECT_OBJC_ISA_USAGE = YES_ERROR;
				CLANG_WARN_DOCUMENTATION_COMMENTS = YES;
				CLANG_WARN_EMPTY_BODY = YES;
				CLANG_WARN_ENUM_CONVERSION = YES;
				CLANG_WARN_INFINITE_RECURSION = YES;
				CLANG_WARN_INT_CONVERSION = YES;
				CLANG_WARN_NON_LITERAL_NULL_CONVERSION = YES;
				CLANG_WARN_OBJC_IMPLICIT_RETAIN_SELF = YES;
				CLANG_WARN_OBJC_LITERAL_CONVERSION = YES;
				CLANG_WARN_OBJC_ROOT_CLASS = YES_ERROR;
				CLANG_WARN_QUOTED_INCLUDE_IN_FRAMEWORK_HEADER = YES;
				CLANG_WARN_RANGE_LOOP_ANALYSIS = YES;
				CLANG_WARN_STRICT_PROTOTYPES = YES;
				CLANG_WARN_SUSPICIOUS_MOVE = YES;
				CLANG_WARN_UNGUARDED_AVAILABILITY = YES_AGGRESSIVE;
				CLANG_WARN_UNREACHABLE_CODE = YES;
				CLANG_WARN__DUPLICATE_METHOD_MATCH = YES;
				COPY_PHASE_STRIP = NO;
				DEBUG_INFORMATION_FORMAT = "dwarf-with-dsym";
				ENABLE_NS_ASSERTIONS = NO;
				ENABLE_STRICT_OBJC_MSGSEND = YES;
				GCC_C_LANGUAGE_STANDARD = gnu11;
				GCC_NO_COMMON_BLOCKS = YES;
				GCC_WARN_64_TO_32_BIT_CONVERSION = YES;
				GCC_WARN_ABOUT_RETURN_TYPE = YES_ERROR;
				GCC_WARN_UNDECLARED_SELECTOR = YES;
				GCC_WARN_UNINITIALIZED_AUTOS = YES_AGGRESSIVE;
				GCC_WARN_UNUSED_FUNCTION = YES;
				GCC_WARN_UNUSED_VARIABLE = YES;
				IPHONEOS_DEPLOYMENT_TARGET = 14.0;
				MTL_ENABLE_DEBUG_INFO = NO;
				MTL_FAST_MATH = YES;
				SDKROOT = iphoneos;
				SWIFT_COMPILATION_MODE = wholemodule;
				SWIFT_OPTIMIZATION_LEVEL = "-O";
				VALIDATE_PRODUCT = YES;
			};
			name = Release;
		};
		8F4896422550900B00573C4E /* Debug */ = {
			isa = XCBuildConfiguration;
			baseConfigurationReference = 2DC6F7E7854E8AF4308C3186 /* Pods-SnacktacularThree.debug.xcconfig */;
			buildSettings = {
				ASSETCATALOG_COMPILER_APPICON_NAME = AppIcon;
				ASSETCATALOG_COMPILER_GLOBAL_ACCENT_COLOR_NAME = AccentColor;
				CODE_SIGN_STYLE = Automatic;
				DEVELOPMENT_TEAM = 9R3S48787X;
				INFOPLIST_FILE = SnacktacularThree/Info.plist;
				LD_RUNPATH_SEARCH_PATHS = (
					"$(inherited)",
					"@executable_path/Frameworks",
				);
				PRODUCT_BUNDLE_IDENTIFIER = com.Monahan.SnacktacularThree;
				PRODUCT_NAME = "$(TARGET_NAME)";
				SWIFT_VERSION = 5.0;
				TARGETED_DEVICE_FAMILY = "1,2";
			};
			name = Debug;
		};
		8F4896432550900B00573C4E /* Release */ = {
			isa = XCBuildConfiguration;
			baseConfigurationReference = 9F1119A1A4706C1EA40FC29B /* Pods-SnacktacularThree.release.xcconfig */;
			buildSettings = {
				ASSETCATALOG_COMPILER_APPICON_NAME = AppIcon;
				ASSETCATALOG_COMPILER_GLOBAL_ACCENT_COLOR_NAME = AccentColor;
				CODE_SIGN_STYLE = Automatic;
				DEVELOPMENT_TEAM = 9R3S48787X;
				INFOPLIST_FILE = SnacktacularThree/Info.plist;
				LD_RUNPATH_SEARCH_PATHS = (
					"$(inherited)",
					"@executable_path/Frameworks",
				);
				PRODUCT_BUNDLE_IDENTIFIER = com.Monahan.SnacktacularThree;
				PRODUCT_NAME = "$(TARGET_NAME)";
				SWIFT_VERSION = 5.0;
				TARGETED_DEVICE_FAMILY = "1,2";
			};
			name = Release;
		};
		8F4896452550900B00573C4E /* Debug */ = {
			isa = XCBuildConfiguration;
			buildSettings = {
				ALWAYS_EMBED_SWIFT_STANDARD_LIBRARIES = YES;
				BUNDLE_LOADER = "$(TEST_HOST)";
				CODE_SIGN_STYLE = Automatic;
				DEVELOPMENT_TEAM = 9R3S48787X;
				INFOPLIST_FILE = SnacktacularThreeTests/Info.plist;
				IPHONEOS_DEPLOYMENT_TARGET = 14.0;
				LD_RUNPATH_SEARCH_PATHS = (
					"$(inherited)",
					"@executable_path/Frameworks",
					"@loader_path/Frameworks",
				);
				PRODUCT_BUNDLE_IDENTIFIER = com.Monahan.SnacktacularThreeTests;
				PRODUCT_NAME = "$(TARGET_NAME)";
				SWIFT_VERSION = 5.0;
				TARGETED_DEVICE_FAMILY = "1,2";
				TEST_HOST = "$(BUILT_PRODUCTS_DIR)/SnacktacularThree.app/SnacktacularThree";
			};
			name = Debug;
		};
		8F4896462550900B00573C4E /* Release */ = {
			isa = XCBuildConfiguration;
			buildSettings = {
				ALWAYS_EMBED_SWIFT_STANDARD_LIBRARIES = YES;
				BUNDLE_LOADER = "$(TEST_HOST)";
				CODE_SIGN_STYLE = Automatic;
				DEVELOPMENT_TEAM = 9R3S48787X;
				INFOPLIST_FILE = SnacktacularThreeTests/Info.plist;
				IPHONEOS_DEPLOYMENT_TARGET = 14.0;
				LD_RUNPATH_SEARCH_PATHS = (
					"$(inherited)",
					"@executable_path/Frameworks",
					"@loader_path/Frameworks",
				);
				PRODUCT_BUNDLE_IDENTIFIER = com.Monahan.SnacktacularThreeTests;
				PRODUCT_NAME = "$(TARGET_NAME)";
				SWIFT_VERSION = 5.0;
				TARGETED_DEVICE_FAMILY = "1,2";
				TEST_HOST = "$(BUILT_PRODUCTS_DIR)/SnacktacularThree.app/SnacktacularThree";
			};
			name = Release;
		};
		8F4896482550900B00573C4E /* Debug */ = {
			isa = XCBuildConfiguration;
			buildSettings = {
				ALWAYS_EMBED_SWIFT_STANDARD_LIBRARIES = YES;
				CODE_SIGN_STYLE = Automatic;
				DEVELOPMENT_TEAM = 9R3S48787X;
				INFOPLIST_FILE = SnacktacularThreeUITests/Info.plist;
				LD_RUNPATH_SEARCH_PATHS = (
					"$(inherited)",
					"@executable_path/Frameworks",
					"@loader_path/Frameworks",
				);
				PRODUCT_BUNDLE_IDENTIFIER = com.Monahan.SnacktacularThreeUITests;
				PRODUCT_NAME = "$(TARGET_NAME)";
				SWIFT_VERSION = 5.0;
				TARGETED_DEVICE_FAMILY = "1,2";
				TEST_TARGET_NAME = SnacktacularThree;
			};
			name = Debug;
		};
		8F4896492550900B00573C4E /* Release */ = {
			isa = XCBuildConfiguration;
			buildSettings = {
				ALWAYS_EMBED_SWIFT_STANDARD_LIBRARIES = YES;
				CODE_SIGN_STYLE = Automatic;
				DEVELOPMENT_TEAM = 9R3S48787X;
				INFOPLIST_FILE = SnacktacularThreeUITests/Info.plist;
				LD_RUNPATH_SEARCH_PATHS = (
					"$(inherited)",
					"@executable_path/Frameworks",
					"@loader_path/Frameworks",
				);
				PRODUCT_BUNDLE_IDENTIFIER = com.Monahan.SnacktacularThreeUITests;
				PRODUCT_NAME = "$(TARGET_NAME)";
				SWIFT_VERSION = 5.0;
				TARGETED_DEVICE_FAMILY = "1,2";
				TEST_TARGET_NAME = SnacktacularThree;
			};
			name = Release;
		};
/* End XCBuildConfiguration section */

/* Begin XCConfigurationList section */
		8F4896122550900900573C4E /* Build configuration list for PBXProject "SnacktacularThree" */ = {
			isa = XCConfigurationList;
			buildConfigurations = (
				8F48963F2550900B00573C4E /* Debug */,
				8F4896402550900B00573C4E /* Release */,
			);
			defaultConfigurationIsVisible = 0;
			defaultConfigurationName = Release;
		};
		8F4896412550900B00573C4E /* Build configuration list for PBXNativeTarget "SnacktacularThree" */ = {
			isa = XCConfigurationList;
			buildConfigurations = (
				8F4896422550900B00573C4E /* Debug */,
				8F4896432550900B00573C4E /* Release */,
			);
			defaultConfigurationIsVisible = 0;
			defaultConfigurationName = Release;
		};
		8F4896442550900B00573C4E /* Build configuration list for PBXNativeTarget "SnacktacularThreeTests" */ = {
			isa = XCConfigurationList;
			buildConfigurations = (
				8F4896452550900B00573C4E /* Debug */,
				8F4896462550900B00573C4E /* Release */,
			);
			defaultConfigurationIsVisible = 0;
			defaultConfigurationName = Release;
		};
		8F4896472550900B00573C4E /* Build configuration list for PBXNativeTarget "SnacktacularThreeUITests" */ = {
			isa = XCConfigurationList;
			buildConfigurations = (
				8F4896482550900B00573C4E /* Debug */,
				8F4896492550900B00573C4E /* Release */,
			);
			defaultConfigurationIsVisible = 0;
			defaultConfigurationName = Release;
		};
/* End XCConfigurationList section */
	};
	rootObject = 8F48960F2550900900573C4E /* Project object */;
}
